
Microsoft Visual Studio Solution File, Format Version 12.00
# Visual Studio 2012
Project("{FAE04EC0-301F-11D3-BF4B-00C04F79EFBC}") = "BibtexManager", "BibtexManager.csproj", "{1939C92A-57A9-4E9E-BE35-38E92EE8FC68}"
EndProject
Global
	GlobalSection(SolutionConfigurationPlatforms) = preSolution
		Debug|Any CPU = Debug|Any CPU
		Release|Any CPU = Release|Any CPU
	EndGlobalSection
	GlobalSection(ProjectConfigurationPlatforms) = postSolution
		{1939C92A-57A9-4E9E-BE35-38E92EE8FC68}.Debug|Any CPU.ActiveCfg = Debug|Any CPU
		{1939C92A-57A9-4E9E-BE35-38E92EE8FC68}.Debug|Any CPU.Build.0 = Debug|Any CPU
		{1939C92A-57A9-4E9E-BE35-38E92EE8FC68}.Release|Any CPU.ActiveCfg = Release|Any CPU
		{1939C92A-57A9-4E9E-BE35-38E92EE8FC68}.Release|Any CPU.Build.0 = Release|Any CPU
	EndGlobalSection
	GlobalSection(SolutionProperties) = preSolution
		HideSolutionNode = FALSE
	EndGlobalSection
EndGlobal
